// !$*UTF8*$!
{
	archiveVersion = 1;
	classes = {
	};
	objectVersion = 46;
	objects = {

/* Begin PBXBuildFile section */
		E736FF801C3A762100E39A4D /* Localizable.strings in Resources */ = {isa = PBXBuildFile; fileRef = E736FF821C3A762100E39A4D /* Localizable.strings */; };
		E74BA4061C390AD700B2389D /* MapKit.framework in Frameworks */ = {isa = PBXBuildFile; fileRef = E74BA4051C390AD600B2389D /* MapKit.framework */; };
		E74BA4081C3913EB00B2389D /* MapViewController.swift in Sources */ = {isa = PBXBuildFile; fileRef = E74BA4071C3913EB00B2389D /* MapViewController.swift */; settings = {ASSET_TAGS = (); }; };
		E7CA76EC1C32898E000EE257 /* AppDelegate.swift in Sources */ = {isa = PBXBuildFile; fileRef = E7CA76EB1C32898E000EE257 /* AppDelegate.swift */; };
		E7CA76F11C32898E000EE257 /* Main.storyboard in Resources */ = {isa = PBXBuildFile; fileRef = E7CA76EF1C32898E000EE257 /* Main.storyboard */; };
		E7CA76F31C32898E000EE257 /* Assets.xcassets in Resources */ = {isa = PBXBuildFile; fileRef = E7CA76F21C32898E000EE257 /* Assets.xcassets */; };
		E7CA76F61C32898E000EE257 /* LaunchScreen.storyboard in Resources */ = {isa = PBXBuildFile; fileRef = E7CA76F41C32898E000EE257 /* LaunchScreen.storyboard */; };
		E7D69C791C348EDD00EEDC24 /* ConversionViewController.swift in Sources */ = {isa = PBXBuildFile; fileRef = E7D69C781C348EDD00EEDC24 /* ConversionViewController.swift */; settings = {ASSET_TAGS = (); }; };
/* End PBXBuildFile section */

/* Begin PBXFileReference section */
		E736FF811C3A762100E39A4D /* Base */ = {isa = PBXFileReference; lastKnownFileType = text.plist.strings; name = Base; path = Base.lproj/Localizable.strings; sourceTree = "<group>"; };
		E736FF831C3A762E00E39A4D /* en */ = {isa = PBXFileReference; lastKnownFileType = text.plist.strings; name = en; path = en.lproj/Localizable.strings; sourceTree = "<group>"; };
		E736FF841C3A762F00E39A4D /* es */ = {isa = PBXFileReference; lastKnownFileType = text.plist.strings; name = es; path = es.lproj/Localizable.strings; sourceTree = "<group>"; };
		E74BA4051C390AD600B2389D /* MapKit.framework */ = {isa = PBXFileReference; lastKnownFileType = wrapper.framework; name = MapKit.framework; path = System/Library/Frameworks/MapKit.framework; sourceTree = SDKROOT; };
		E74BA4071C3913EB00B2389D /* MapViewController.swift */ = {isa = PBXFileReference; fileEncoding = 4; lastKnownFileType = sourcecode.swift; path = MapViewController.swift; sourceTree = "<group>"; };
		E7C87E5D1C3A70340054AF4D /* en */ = {isa = PBXFileReference; lastKnownFileType = text.plist.strings; name = en; path = en.lproj/Main.strings; sourceTree = "<group>"; };
		E7C87E5E1C3A710E0054AF4D /* es */ = {isa = PBXFileReference; lastKnownFileType = text.plist.strings; name = es; path = es.lproj/Main.strings; sourceTree = "<group>"; };
		E7CA76E81C32898E000EE257 /* WroldTrotter.app */ = {isa = PBXFileReference; explicitFileType = wrapper.application; includeInIndex = 0; path = WroldTrotter.app; sourceTree = BUILT_PRODUCTS_DIR; };
		E7CA76EB1C32898E000EE257 /* AppDelegate.swift */ = {isa = PBXFileReference; lastKnownFileType = sourcecode.swift; path = AppDelegate.swift; sourceTree = "<group>"; };
		E7CA76F01C32898E000EE257 /* Base */ = {isa = PBXFileReference; lastKnownFileType = file.storyboard; name = Base; path = Base.lproj/Main.storyboard; sourceTree = "<group>"; };
		E7CA76F21C32898E000EE257 /* Assets.xcassets */ = {isa = PBXFileReference; lastKnownFileType = folder.assetcatalog; path = Assets.xcassets; sourceTree = "<group>"; };
		E7CA76F51C32898E000EE257 /* Base */ = {isa = PBXFileReference; lastKnownFileType = file.storyboard; name = Base; path = Base.lproj/LaunchScreen.storyboard; sourceTree = "<group>"; };
		E7CA76F71C32898E000EE257 /* Info.plist */ = {isa = PBXFileReference; lastKnownFileType = text.plist.xml; path = Info.plist; sourceTree = "<group>"; };
		E7D69C781C348EDD00EEDC24 /* ConversionViewController.swift */ = {isa = PBXFileReference; fileEncoding = 4; lastKnownFileType = sourcecode.swift; path = ConversionViewController.swift; sourceTree = "<group>"; };
/* End PBXFileReference section */

/* Begin PBXFrameworksBuildPhase section */
		E7CA76E51C32898E000EE257 /* Frameworks */ = {
			isa = PBXFrameworksBuildPhase;
			buildActionMask = 2147483647;
			files = (
				E74BA4061C390AD700B2389D /* MapKit.framework in Frameworks */,
			);
			runOnlyForDeploymentPostprocessing = 0;
		};
/* End PBXFrameworksBuildPhase section */

/* Begin PBXGroup section */
		E7CA76DF1C32898E000EE257 = {
			isa = PBXGroup;
			children = (
				E736FF821C3A762100E39A4D /* Localizable.strings */,
				E74BA4051C390AD600B2389D /* MapKit.framework */,
				E7CA76EA1C32898E000EE257 /* WroldTrotter */,
				E7CA76E91C32898E000EE257 /* Products */,
			);
			sourceTree = "<group>";
		};
		E7CA76E91C32898E000EE257 /* Products */ = {
			isa = PBXGroup;
			children = (
				E7CA76E81C32898E000EE257 /* WroldTrotter.app */,
			);
			name = Products;
			sourceTree = "<group>";
		};
		E7CA76EA1C32898E000EE257 /* WroldTrotter */ = {
			isa = PBXGroup;
			children = (
				E7CA76EB1C32898E000EE257 /* AppDelegate.swift */,
				E7CA76EF1C32898E000EE257 /* Main.storyboard */,
				E7CA76F21C32898E000EE257 /* Assets.xcassets */,
				E7CA76F41C32898E000EE257 /* LaunchScreen.storyboard */,
				E7CA76F71C32898E000EE257 /* Info.plist */,
				E7D69C781C348EDD00EEDC24 /* ConversionViewController.swift */,
				E74BA4071C3913EB00B2389D /* MapViewController.swift */,
			);
			path = WroldTrotter;
			sourceTree = "<group>";
		};
/* End PBXGroup section */

/* Begin PBXNativeTarget section */
		E7CA76E71C32898E000EE257 /* WroldTrotter */ = {
			isa = PBXNativeTarget;
			buildConfigurationList = E7CA76FA1C32898E000EE257 /* Build configuration list for PBXNativeTarget "WroldTrotter" */;
			buildPhases = (
				E7CA76E41C32898E000EE257 /* Sources */,
				E7CA76E51C32898E000EE257 /* Frameworks */,
				E7CA76E61C32898E000EE257 /* Resources */,
			);
			buildRules = (
			);
			dependencies = (
			);
			name = WroldTrotter;
			productName = WroldTrotter;
			productReference = E7CA76E81C32898E000EE257 /* WroldTrotter.app */;
			productType = "com.apple.product-type.application";
		};
/* End PBXNativeTarget section */

/* Begin PBXProject section */
		E7CA76E01C32898E000EE257 /* Project object */ = {
			isa = PBXProject;
			attributes = {
				LastUpgradeCheck = 0700;
				ORGANIZATIONNAME = yujiikebata;
				TargetAttributes = {
					E7CA76E71C32898E000EE257 = {
						CreatedOnToolsVersion = 7.0.1;
					};
				};
			};
			buildConfigurationList = E7CA76E31C32898E000EE257 /* Build configuration list for PBXProject "WroldTrotter" */;
			compatibilityVersion = "Xcode 3.2";
			developmentRegion = English;
			hasScannedForEncodings = 0;
			knownRegions = (
				en,
				Base,
				es,
			);
			mainGroup = E7CA76DF1C32898E000EE257;
			productRefGroup = E7CA76E91C32898E000EE257 /* Products */;
			projectDirPath = "";
			projectRoot = "";
			targets = (
				E7CA76E71C32898E000EE257 /* WroldTrotter */,
			);
		};
/* End PBXProject section */

/* Begin PBXResourcesBuildPhase section */
		E7CA76E61C32898E000EE257 /* Resources */ = {
			isa = PBXResourcesBuildPhase;
			buildActionMask = 2147483647;
			files = (
				E7CA76F61C32898E000EE257 /* LaunchScreen.storyboard in Resources */,
				E736FF801C3A762100E39A4D /* Localizable.strings in Resources */,
				E7CA76F31C32898E000EE257 /* Assets.xcassets in Resources */,
				E7CA76F11C32898E000EE257 /* Main.storyboard in Resources */,
			);
			runOnlyForDeploymentPostprocessing = 0;
		};
/* End PBXResourcesBuildPhase section */

/* Begin PBXSourcesBuildPhase section */
		E7CA76E41C32898E000EE257 /* Sources */ = {
			isa = PBXSourcesBuildPhase;
			buildActionMask = 2147483647;
			files = (
				E7D69C791C348EDD00EEDC24 /* ConversionViewController.swift in Sources */,
				E74BA4081C3913EB00B2389D /* MapViewController.swift in Sources */,
				E7CA76EC1C32898E000EE257 /* AppDelegate.swift in Sources */,
			);
			runOnlyForDeploymentPostprocessing = 0;
		};
/* End PBXSourcesBuildPhase section */

/* Begin PBXVariantGroup section */
		E736FF821C3A762100E39A4D /* Localizable.strings */ = {
			isa = PBXVariantGroup;
			children = (
				E736FF811C3A762100E39A4D /* Base */,
				E736FF831C3A762E00E39A4D /* en */,
				E736FF841C3A762F00E39A4D /* es */,
			);
			name = Localizable.strings;
			path = WroldTrotter;
			sourceTree = "<group>";
		};
		E7CA76EF1C32898E000EE257 /* Main.storyboard */ = {
			isa = PBXVariantGroup;
			children = (
				E7CA76F01C32898E000EE257 /* Base */,
				E7C87E5D1C3A70340054AF4D /* en */,
				E7C87E5E1C3A710E0054AF4D /* es */,
			);
			name = Main.storyboard;
			sourceTree = "<group>";
		};
		E7CA76F41C32898E000EE257 /* LaunchScreen.storyboard */ = {
			isa = PBXVariantGroup;
			children = (
				E7CA76F51C32898E000EE257 /* Base */,
			);
			name = LaunchScreen.storyboard;
			sourceTree = "<group>";
		};
/* End PBXVariantGroup section */

/* Begin XCBuildConfiguration section */
		E7CA76F81C32898E000EE257 /* Debug */ = {
			isa = XCBuildConfiguration;
			buildSettings = {
				ALWAYS_SEARCH_USER_PATHS = NO;
				CLANG_CXX_LANGUAGE_STANDARD = "gnu++0x";
				CLANG_CXX_LIBRARY = "libc++";
				CLANG_ENABLE_MODULES = YES;
				CLANG_ENABLE_OBJC_ARC = YES;
				CLANG_WARN_BOOL_CONVERSION = YES;
				CLANG_WARN_CONSTANT_CONVERSION = YES;
				CLANG_WARN_DIRECT_OBJC_ISA_USAGE = YES_ERROR;
				CLANG_WARN_EMPTY_BODY = YES;
				CLANG_WARN_ENUM_CONVERSION = YES;
				CLANG_WARN_INT_CONVERSION = YES;
				CLANG_WARN_OBJC_ROOT_CLASS = YES_ERROR;
				CLANG_WARN_UNREACHABLE_CODE = YES;
				CLANG_WARN__DUPLICATE_METHOD_MATCH = YES;
				"CODE_SIGN_IDENTITY[sdk=iphoneos*]" = "iPhone Developer";
				COPY_PHASE_STRIP = NO;
				DEBUG_INFORMATION_FORMAT = dwarf;
				ENABLE_STRICT_OBJC_MSGSEND = YES;
				ENABLE_TESTABILITY = YES;
				GCC_C_LANGUAGE_STANDARD = gnu99;
				GCC_DYNAMIC_NO_PIC = NO;
				GCC_NO_COMMON_BLOCKS = YES;
				GCC_OPTIMIZATION_LEVEL = 0;
				GCC_PREPROCESSOR_DEFINITIONS = (
					"DEBUG=1",
					"$(inherited)",
				);
				GCC_WARN_64_TO_32_BIT_CONVERSION = YES;
				GCC_WARN_ABOUT_RETURN_TYPE = YES_ERROR;
				GCC_WARN_UNDECLARED_SELECTOR = YES;
				GCC_WARN_UNINITIALIZED_AUTOS = YES_AGGRESSIVE;
				GCC_WARN_UNUSED_FUNCTION = YES;
				GCC_WARN_UNUSED_VARIABLE = YES;
				IPHONEOS_DEPLOYMENT_TARGET = 9.0;
				MTL_ENABLE_DEBUG_INFO = YES;
				ONLY_ACTIVE_ARCH = YES;
				SDKROOT = iphoneos;
				SWIFT_OPTIMIZATION_LEVEL = "-Onone";
			};
			name = Debug;
		};
		E7CA76F91C32898E000EE257 /* Release */ = {
			isa = XCBuildConfiguration;
			buildSettings = {
				ALWAYS_SEARCH_USER_PATHS = NO;
				CLANG_CXX_LANGUAGE_STANDARD = "gnu++0x";
				CLANG_CXX_LIBRARY = "libc++";
				CLANG_ENABLE_MODULES = YES;
				CLANG_ENABLE_OBJC_ARC = YES;
				CLANG_WARN_BOOL_CONVERSION = YES;
				CLANG_WARN_CONSTANT_CONVERSION = YES;
				CLANG_WARN_DIRECT_OBJC_ISA_USAGE = YES_ERROR;
				CLANG_WARN_EMPTY_BODY = YES;
				CLANG_WARN_ENUM_CONVERSION = YES;
				CLANG_WARN_INT_CONVERSION = YES;
				CLANG_WARN_OBJC_ROOT_CLASS = YES_ERROR;
				CLANG_WARN_UNREACHABLE_CODE = YES;
				CLANG_WARN__DUPLICATE_METHOD_MATCH = YES;
				"CODE_SIGN_IDENTITY[sdk=iphoneos*]" = "iPhone Developer";
				COPY_PHASE_STRIP = NO;
				DEBUG_INFORMATION_FORMAT = "dwarf-with-dsym";
				ENABLE_NS_ASSERTIONS = NO;
				ENABLE_STRICT_OBJC_MSGSEND = YES;
				GCC_C_LANGUAGE_STANDARD = gnu99;
				GCC_NO_COMMON_BLOCKS = YES;
				GCC_WARN_64_TO_32_BIT_CONVERSION = YES;
				GCC_WARN_ABOUT_RETURN_TYPE = YES_ERROR;
				GCC_WARN_UNDECLARED_SELECTOR = YES;
				GCC_WARN_UNINITIALIZED_AUTOS = YES_AGGRESSIVE;
				GCC_WARN_UNUSED_FUNCTION = YES;
				GCC_WARN_UNUSED_VARIABLE = YES;
				IPHONEOS_DEPLOYMENT_TARGET = 9.0;
				MTL_ENABLE_DEBUG_INFO = NO;
				SDKROOT = iphoneos;
				VALIDATE_PRODUCT = YES;
			};
			name = Release;
		};
		E7CA76FB1C32898E000EE257 /* Debug */ = {
			isa = XCBuildConfiguration;
			buildSettings = {
				ASSETCATALOG_COMPILER_APPICON_NAME = AppIcon;
				INFOPLIST_FILE = WroldTrotter/Info.plist;
				LD_RUNPATH_SEARCH_PATHS = "$(inherited) @executable_path/Frameworks";
				PRODUCT_BUNDLE_IDENTIFIER = com.yujiikebata.WroldTrotter;
				PRODUCT_NAME = "$(TARGET_NAME)";
			};
			name = Debug;
		};
		E7CA76FC1C32898E000EE257 /* Release */ = {
			isa = XCBuildConfiguration;
			buildSettings = {
				ASSETCATALOG_COMPILER_APPICON_NAME = AppIcon;
				INFOPLIST_FILE = WroldTrotter/Info.plist;
				LD_RUNPATH_SEARCH_PATHS = "$(inherited) @executable_path/Frameworks";
				PRODUCT_BUNDLE_IDENTIFIER = com.yujiikebata.WroldTrotter;
				PRODUCT_NAME = "$(TARGET_NAME)";
			};
			name = Release;
		};
/* End XCBuildConfiguration section */

/* Begin XCConfigurationList section */
		E7CA76E31C32898E000EE257 /* Build configuration list for PBXProject "WroldTrotter" */ = {
			isa = XCConfigurationList;
			buildConfigurations = (
				E7CA76F81C32898E000EE257 /* Debug */,
				E7CA76F91C32898E000EE257 /* Release */,
			);
			defaultConfigurationIsVisible = 0;
			defaultConfigurationName = Release;
		};
		E7CA76FA1C32898E000EE257 /* Build configuration list for PBXNativeTarget "WroldTrotter" */ = {
			isa = XCConfigurationList;
			buildConfigurations = (
				E7CA76FB1C32898E000EE257 /* Debug */,
				E7CA76FC1C32898E000EE257 /* Release */,
			);
			defaultConfigurationIsVisible = 0;
			defaultConfigurationName = Release;
		};
/* End XCConfigurationList section */
	};
	rootObject = E7CA76E01C32898E000EE257 /* Project object */;
}
